
Microsoft Visual Studio Solution File, Format Version 12.00
# Visual Studio 15
VisualStudioVersion = 15.0.27703.2000
MinimumVisualStudioVersion = 10.0.40219.1
Project("{FAE04EC0-301F-11D3-BF4B-00C04F79EFBC}") = "ChessPhoneNumbers", "ChessPhoneNumbers\ChessPhoneNumbers.csproj", "{50ACEE67-CD9D-4A7E-8E05-A508BA3D786B}"
EndProject
Project("{FAE04EC0-301F-11D3-BF4B-00C04F79EFBC}") = "Test", "Test\Test.csproj", "{6633903B-BF69-4774-A58E-AC2822E0FB75}"
EndProject
Global
	GlobalSection(SolutionConfigurationPlatforms) = preSolution
		Debug|Any CPU = Debug|Any CPU
		Release|Any CPU = Release|Any CPU
	EndGlobalSection
	GlobalSection(ProjectConfigurationPlatforms) = postSolution
		{50ACEE67-CD9D-4A7E-8E05-A508BA3D786B}.Debug|Any CPU.ActiveCfg = Debug|Any CPU
		{50ACEE67-CD9D-4A7E-8E05-A508BA3D786B}.Debug|Any CPU.Build.0 = Debug|Any CPU
		{50ACEE67-CD9D-4A7E-8E05-A508BA3D786B}.Release|Any CPU.ActiveCfg = Release|Any CPU
		{50ACEE67-CD9D-4A7E-8E05-A508BA3D786B}.Release|Any CPU.Build.0 = Release|Any CPU
		{6633903B-BF69-4774-A58E-AC2822E0FB75}.Debug|Any CPU.ActiveCfg = Debug|Any CPU
		{6633903B-BF69-4774-A58E-AC2822E0FB75}.Debug|Any CPU.Build.0 = Debug|Any CPU
		{6633903B-BF69-4774-A58E-AC2822E0FB75}.Release|Any CPU.ActiveCfg = Release|Any CPU
		{6633903B-BF69-4774-A58E-AC2822E0FB75}.Release|Any CPU.Build.0 = Release|Any CPU
	EndGlobalSection
	GlobalSection(SolutionProperties) = preSolution
		HideSolutionNode = FALSE
	EndGlobalSection
	GlobalSection(ExtensibilityGlobals) = postSolution
		SolutionGuid = {89A3A0B3-CA18-4392-8BF8-D33EA44216F2}
	EndGlobalSection
EndGlobal
